{
  "name": "demo",
  "version": "1.0.0",
  "lockfileVersion": 1,
  "requires": true,
  "dependencies": {
    "@types/aws-lambda": {
      "version": "8.10.36",
      "resolved": "https://registry.npmjs.org/@types/aws-lambda/-/aws-lambda-8.10.36.tgz",
      "integrity": "sha512-oO7VHmHsr2V3U5uEVNfxO+h6nfDQ5kb8NPotwkzpYKnrW+cJ5BBRLdD7DAWx/7fEtMFnGg6L224Zn4tUxmnzcw=="
    },
    "@types/backo2": {
      "version": "1.0.1",
      "resolved": "https://registry.npmjs.org/@types/backo2/-/backo2-1.0.1.tgz",
      "integrity": "sha512-teQyH3dwlHcnZ2HVQJ51sH1Duo8pI/wNXn6Bpse3ID9sVqpbd5eKQApGGAjYtb+6vlCGcEoXtaQW9/O8MJsdfQ=="
    },
    "@types/node": {
      "version": "12.12.14",
      "resolved": "https://registry.npmjs.org/@types/node/-/node-12.12.14.tgz",
      "integrity": "sha512-u/SJDyXwuihpwjXy7hOOghagLEV1KdAST6syfnOk6QZAMzZuWZqXy5aYYZbh8Jdpd4escVFP0MvftHNDb9pruA=="
    },
    "@types/websocket": {
      "version": "1.0.0",
      "resolved": "https://registry.npmjs.org/@types/websocket/-/websocket-1.0.0.tgz",
      "integrity": "sha512-MLr8hDM8y7vvdAdnoDEP5LotRoYJj7wgT6mWzCUQH/gHqzS4qcnOT/K4dhC0WimWIUiA3Arj9QAJGGKNRiRZKA==",
      "requires": {
        "@types/node": "*"
      }
    },
    "aws-lambda-graphql": {
      "version": "0.12.1",
      "resolved": "https://registry.npmjs.org/aws-lambda-graphql/-/aws-lambda-graphql-0.12.1.tgz",
      "integrity": "sha512-oKKS+V45I6Ux0d37yl5Low+z01aJvPcCcRLO8VSqNlsipz+PKB9Hyc3nzBOsjBN3B68cx/5mqtjJ6kQ9A/BCtA==",
      "requires": {
        "@types/aws-lambda": "^8.10.36",
        "@types/backo2": "^1.0.1",
        "@types/websocket": "^1.0.0",
        "backo2": "1.0.2",
        "content-type": "^1.0.4",
        "eventemitter3": "^3.1.2",
        "iterall": "^1.2.2",
        "ulid": "^2.3.0",
        "xstate": "^4.2.3"
      }
    },
    "backo2": {
      "version": "1.0.2",
      "resolved": "https://registry.npmjs.org/backo2/-/backo2-1.0.2.tgz",
      "integrity": "sha1-MasayLEpNjRj41s+u2n038+6eUc="
    },
    "content-type": {
      "version": "1.0.4",
      "resolved": "https://registry.npmjs.org/content-type/-/content-type-1.0.4.tgz",
      "integrity": "sha512-hIP3EEPs8tB9AT1L+NUqtwOAps4mk2Zob89MWXMHjHWg9milF/j4osnnQLXBCBFBk/tvIG/tUc9mOUJiPBhPXA=="
    },
    "eventemitter3": {
      "version": "3.1.2",
      "resolved": "https://registry.npmjs.org/eventemitter3/-/eventemitter3-3.1.2.tgz",
      "integrity": "sha512-tvtQIeLVHjDkJYnzf2dgVMxfuSGJeM/7UCG17TT4EumTfNtF+0nebF/4zWOIkCreAbtNqhGEboB6BWrwqNaw4Q=="
    },
    "iterall": {
      "version": "1.2.2",
      "resolved": "https://registry.npmjs.org/iterall/-/iterall-1.2.2.tgz",
      "integrity": "sha512-yynBb1g+RFUPY64fTrFv7nsjRrENBQJaX2UL+2Szc9REFrSNm1rpSXHGzhmAy7a9uv3vlvgBlXnf9RqmPH1/DA=="
    },
    "ulid": {
      "version": "2.3.0",
      "resolved": "https://registry.npmjs.org/ulid/-/ulid-2.3.0.tgz",
      "integrity": "sha512-keqHubrlpvT6G2wH0OEfSW4mquYRcbe/J8NMmveoQOjUqmo+hXtO+ORCpWhdbZ7k72UtY61BL7haGxW6enBnjw=="
    },
    "xstate": {
      "version": "4.6.7",
      "resolved": "https://registry.npmjs.org/xstate/-/xstate-4.6.7.tgz",
      "integrity": "sha512-mqgtH6BXOgjOHVDxZPyW/h6QUC5kfEggh5IN8uOitjzrdCScE/a/cwcRvgcH8CGAXYReDNvasOKD0aFBWAZ1fg=="
    }
  }
}
